
Microsoft Visual Studio Solution File, Format Version 12.00
# Visual Studio Version 17
VisualStudioVersion = 17.4.33110.190
MinimumVisualStudioVersion = 10.0.40219.1
Project("{9A19103F-16F7-4668-BE54-9A1E7A4F7556}") = "PI-PorrtabilidadeWebOkPrrojetos", "PI-PorrtabilidadeWebOkPrrojetos.csproj", "{DDCA4300-D276-4E61-90D7-7E8FE9D22161}"
EndProject
Global
	GlobalSection(SolutionConfigurationPlatforms) = preSolution
		Debug|Any CPU = Debug|Any CPU
		Release|Any CPU = Release|Any CPU
	EndGlobalSection
	GlobalSection(ProjectConfigurationPlatforms) = postSolution
		{DDCA4300-D276-4E61-90D7-7E8FE9D22161}.Debug|Any CPU.ActiveCfg = Debug|Any CPU
		{DDCA4300-D276-4E61-90D7-7E8FE9D22161}.Debug|Any CPU.Build.0 = Debug|Any CPU
		{DDCA4300-D276-4E61-90D7-7E8FE9D22161}.Release|Any CPU.ActiveCfg = Release|Any CPU
		{DDCA4300-D276-4E61-90D7-7E8FE9D22161}.Release|Any CPU.Build.0 = Release|Any CPU
	EndGlobalSection
	GlobalSection(SolutionProperties) = preSolution
		HideSolutionNode = FALSE
	EndGlobalSection
	GlobalSection(ExtensibilityGlobals) = postSolution
		SolutionGuid = {04C58413-1E4D-4EDD-9B71-845C1ECC8AAB}
	EndGlobalSection
EndGlobal
